
Microsoft Visual Studio Solution File, Format Version 12.00
# Visual Studio Version 16
VisualStudioVersion = 16.0.810.8
MinimumVisualStudioVersion = 10.0.40219.1
Project("{FAE04EC0-301F-11D3-BF4B-00C04F79EFBC}") = "CECS471 Lab1", "CECS471 Lab1.csproj", "{D47FD463-A085-4B7F-BB1A-709FF518D4AA}"
EndProject
Global
	GlobalSection(SolutionConfigurationPlatforms) = preSolution
		Debug|Any CPU = Debug|Any CPU
		Release|Any CPU = Release|Any CPU
	EndGlobalSection
	GlobalSection(ProjectConfigurationPlatforms) = postSolution
		{D47FD463-A085-4B7F-BB1A-709FF518D4AA}.Debug|Any CPU.ActiveCfg = Debug|Any CPU
		{D47FD463-A085-4B7F-BB1A-709FF518D4AA}.Debug|Any CPU.Build.0 = Debug|Any CPU
		{D47FD463-A085-4B7F-BB1A-709FF518D4AA}.Release|Any CPU.ActiveCfg = Release|Any CPU
		{D47FD463-A085-4B7F-BB1A-709FF518D4AA}.Release|Any CPU.Build.0 = Release|Any CPU
	EndGlobalSection
	GlobalSection(SolutionProperties) = preSolution
		HideSolutionNode = FALSE
	EndGlobalSection
	GlobalSection(ExtensibilityGlobals) = postSolution
		SolutionGuid = {499261B2-897B-4765-8CDE-2B3074B9C9FF}
	EndGlobalSection
EndGlobal
